PODS:
  - Alamofire (4.9.1)
  - Realm (5.4.5):
    - Realm/Headers (= 5.4.5)
  - Realm/Headers (5.4.5)
  - RealmSwift (5.4.5):
    - Realm (= 5.4.5)
  - RxCocoa (5.1.1):
    - RxRelay (~> 5)
    - RxSwift (~> 5)
  - RxRelay (5.1.1):
    - RxSwift (~> 5)
  - RxSwift (5.1.1)
  - SDWebImage (5.8.4):
    - SDWebImage/Core (= 5.8.4)
  - SDWebImage/Core (5.8.4)

DEPENDENCIES:
  - Alamofire (~> 4.9.1)
  - RealmSwift
  - RxCocoa
  - RxSwift
  - SDWebImage

SPEC REPOS:
  trunk:
    - Alamofire
    - Realm
    - RealmSwift
    - RxCocoa
    - RxRelay
    - RxSwift
    - SDWebImage

SPEC CHECKSUMS:
  Alamofire: 85e8a02c69d6020a0d734f6054870d7ecb75cf18
  Realm: 155c60aec98b1044a05d676017be6900a9ee93b6
  RealmSwift: fa80dc70fa91f762c2bc3d09328da92214b36bbb
  RxCocoa: 32065309a38d29b5b0db858819b5bf9ef038b601
  RxRelay: d77f7d771495f43c556cbc43eebd1bb54d01e8e9
  RxSwift: 81470a2074fa8780320ea5fe4102807cb7118178
  SDWebImage: cf6922231e95550934da2ada0f20f2becf2ceba9

PODFILE CHECKSUM: 3ad1e4fc22e4fa5079238215e238639c8454c732

COCOAPODS: 1.9.0
