// !$*UTF8*$!
{
	archiveVersion = 1;
	classes = {
	};
	objectVersion = 51;
	objects = {

/* Begin PBXBuildFile section */
		20F6F6EBD7786BD8AA430FE3 /* Pods_movieDB_NBS.framework in Frameworks */ = {isa = PBXBuildFile; fileRef = 3D46EDAB51A2ACCACE399545 /* Pods_movieDB_NBS.framework */; };
		BE1CC9032522E63200D3CA41 /* AppDelegate.swift in Sources */ = {isa = PBXBuildFile; fileRef = BE1CC9022522E63200D3CA41 /* AppDelegate.swift */; };
		BE1CC90C2522E63400D3CA41 /* Assets.xcassets in Resources */ = {isa = PBXBuildFile; fileRef = BE1CC90B2522E63400D3CA41 /* Assets.xcassets */; };
		BE1CC90F2522E63400D3CA41 /* LaunchScreen.storyboard in Resources */ = {isa = PBXBuildFile; fileRef = BE1CC90D2522E63400D3CA41 /* LaunchScreen.storyboard */; };
		BE1CC91F2522E97900D3CA41 /* FactoryProtocols.swift in Sources */ = {isa = PBXBuildFile; fileRef = BE1CC91E2522E97900D3CA41 /* FactoryProtocols.swift */; };
		BE1CC9212522EAFE00D3CA41 /* DependecyContainer.swift in Sources */ = {isa = PBXBuildFile; fileRef = BE1CC9202522EAFE00D3CA41 /* DependecyContainer.swift */; };
		BE1CC9242522EB1100D3CA41 /* HomeViewController.swift in Sources */ = {isa = PBXBuildFile; fileRef = BE1CC9222522EB1100D3CA41 /* HomeViewController.swift */; };
		BE1CC9252522EB1100D3CA41 /* HomeViewController.xib in Resources */ = {isa = PBXBuildFile; fileRef = BE1CC9232522EB1100D3CA41 /* HomeViewController.xib */; };
		BE1CC9282522EB6D00D3CA41 /* PopularViewController.swift in Sources */ = {isa = PBXBuildFile; fileRef = BE1CC9262522EB6D00D3CA41 /* PopularViewController.swift */; };
		BE1CC9292522EB6D00D3CA41 /* PopularViewController.xib in Resources */ = {isa = PBXBuildFile; fileRef = BE1CC9272522EB6D00D3CA41 /* PopularViewController.xib */; };
		BE1CC92C2522EB9200D3CA41 /* DetailViewController.swift in Sources */ = {isa = PBXBuildFile; fileRef = BE1CC92A2522EB9100D3CA41 /* DetailViewController.swift */; };
		BE1CC92D2522EB9200D3CA41 /* DetailViewController.xib in Resources */ = {isa = PBXBuildFile; fileRef = BE1CC92B2522EB9100D3CA41 /* DetailViewController.xib */; };
		BE1CC92F2522EBBC00D3CA41 /* Coordinators.swift in Sources */ = {isa = PBXBuildFile; fileRef = BE1CC92E2522EBBC00D3CA41 /* Coordinators.swift */; };
		BE1CC9312522EBE300D3CA41 /* MovieModel.swift in Sources */ = {isa = PBXBuildFile; fileRef = BE1CC9302522EBE300D3CA41 /* MovieModel.swift */; };
		BE1CC9332522EC1900D3CA41 /* PersistenceService.swift in Sources */ = {isa = PBXBuildFile; fileRef = BE1CC9322522EC1900D3CA41 /* PersistenceService.swift */; };
		BE1CC9352522EC3C00D3CA41 /* UserDefaultPersistenceService.swift in Sources */ = {isa = PBXBuildFile; fileRef = BE1CC9342522EC3C00D3CA41 /* UserDefaultPersistenceService.swift */; };
		BE1CC9392522ECC200D3CA41 /* NetworkingService.swift in Sources */ = {isa = PBXBuildFile; fileRef = BE1CC9382522ECC200D3CA41 /* NetworkingService.swift */; };
		BE1CC93B2522ECE000D3CA41 /* URLSessionNetworkingService.swift in Sources */ = {isa = PBXBuildFile; fileRef = BE1CC93A2522ECE000D3CA41 /* URLSessionNetworkingService.swift */; };
		BE1CC93D2522FACF00D3CA41 /* AlamofireNetworkingService.swift in Sources */ = {isa = PBXBuildFile; fileRef = BE1CC93C2522FACF00D3CA41 /* AlamofireNetworkingService.swift */; };
		BE1CC93F2522FB6B00D3CA41 /* CacheService.swift in Sources */ = {isa = PBXBuildFile; fileRef = BE1CC93E2522FB6B00D3CA41 /* CacheService.swift */; };
		BE1CC9412522FD7600D3CA41 /* MainTabBarController.swift in Sources */ = {isa = PBXBuildFile; fileRef = BE1CC9402522FD7600D3CA41 /* MainTabBarController.swift */; };
		BE1CC9442522FE3000D3CA41 /* FavouriteViewController.swift in Sources */ = {isa = PBXBuildFile; fileRef = BE1CC9422522FE3000D3CA41 /* FavouriteViewController.swift */; };
		BE1CC9452522FE3000D3CA41 /* FavouriteViewController.xib in Resources */ = {isa = PBXBuildFile; fileRef = BE1CC9432522FE3000D3CA41 /* FavouriteViewController.xib */; };
		BE1CC9472522FFDE00D3CA41 /* UIWindow+Extension.swift in Sources */ = {isa = PBXBuildFile; fileRef = BE1CC9462522FFDE00D3CA41 /* UIWindow+Extension.swift */; };
		BE1CC9492523046100D3CA41 /* UIImage+Extension.swift in Sources */ = {isa = PBXBuildFile; fileRef = BE1CC9482523046100D3CA41 /* UIImage+Extension.swift */; };
		BE1CC94B2523064700D3CA41 /* HomeViewModel.swift in Sources */ = {isa = PBXBuildFile; fileRef = BE1CC94A2523064700D3CA41 /* HomeViewModel.swift */; };
		BE1CC94D25230D7800D3CA41 /* EnvironmentService.swift in Sources */ = {isa = PBXBuildFile; fileRef = BE1CC94C25230D7800D3CA41 /* EnvironmentService.swift */; };
		BE1CC94F252326BC00D3CA41 /* Array+Extension.swift in Sources */ = {isa = PBXBuildFile; fileRef = BE1CC94E252326BC00D3CA41 /* Array+Extension.swift */; };
		BE1CC9532523276700D3CA41 /* BannerTableViewCell.swift in Sources */ = {isa = PBXBuildFile; fileRef = BE1CC9512523276700D3CA41 /* BannerTableViewCell.swift */; };
		BE1CC9542523276700D3CA41 /* BannerTableViewCell.xib in Resources */ = {isa = PBXBuildFile; fileRef = BE1CC9522523276700D3CA41 /* BannerTableViewCell.xib */; };
		BE1CC957252327C600D3CA41 /* BannerCollectionViewCell.swift in Sources */ = {isa = PBXBuildFile; fileRef = BE1CC955252327C600D3CA41 /* BannerCollectionViewCell.swift */; };
		BE1CC958252327C600D3CA41 /* BannerCollectionViewCell.xib in Resources */ = {isa = PBXBuildFile; fileRef = BE1CC956252327C600D3CA41 /* BannerCollectionViewCell.xib */; };
		BE1CC95A25232A4C00D3CA41 /* UITableView+Extension.swift in Sources */ = {isa = PBXBuildFile; fileRef = BE1CC95925232A4C00D3CA41 /* UITableView+Extension.swift */; };
		BE1CC95C25232A8700D3CA41 /* UICollectionView+Extension.swift in Sources */ = {isa = PBXBuildFile; fileRef = BE1CC95B25232A8700D3CA41 /* UICollectionView+Extension.swift */; };
		BE1CC95E25232DF300D3CA41 /* UIAlertController+Extension.swift in Sources */ = {isa = PBXBuildFile; fileRef = BE1CC95D25232DF300D3CA41 /* UIAlertController+Extension.swift */; };
		BE394F9525234D2A007C5FA8 /* HomeMovieTableViewCell.swift in Sources */ = {isa = PBXBuildFile; fileRef = BE394F9325234D2A007C5FA8 /* HomeMovieTableViewCell.swift */; };
		BE394F9625234D2A007C5FA8 /* HomeMovieTableViewCell.xib in Resources */ = {isa = PBXBuildFile; fileRef = BE394F9425234D2A007C5FA8 /* HomeMovieTableViewCell.xib */; };
		BE394F9925234E4E007C5FA8 /* HomeMovieCollectionViewCell.swift in Sources */ = {isa = PBXBuildFile; fileRef = BE394F9725234E4E007C5FA8 /* HomeMovieCollectionViewCell.swift */; };
		BE394F9A25234E4E007C5FA8 /* HomeMovieCollectionViewCell.xib in Resources */ = {isa = PBXBuildFile; fileRef = BE394F9825234E4E007C5FA8 /* HomeMovieCollectionViewCell.xib */; };
		BE394F9C252385EC007C5FA8 /* DetailViewModel.swift in Sources */ = {isa = PBXBuildFile; fileRef = BE394F9B252385EC007C5FA8 /* DetailViewModel.swift */; };
		BE394F9E25239324007C5FA8 /* RealmPersistenceService.swift in Sources */ = {isa = PBXBuildFile; fileRef = BE394F9D25239324007C5FA8 /* RealmPersistenceService.swift */; };
		BE394FA12523B6A5007C5FA8 /* PopularCollectionViewCell.swift in Sources */ = {isa = PBXBuildFile; fileRef = BE394F9F2523B6A5007C5FA8 /* PopularCollectionViewCell.swift */; };
		BE394FA22523B6A5007C5FA8 /* PopularCollectionViewCell.xib in Resources */ = {isa = PBXBuildFile; fileRef = BE394FA02523B6A5007C5FA8 /* PopularCollectionViewCell.xib */; };
		BE394FA52523B865007C5FA8 /* PopularViewModel.swift in Sources */ = {isa = PBXBuildFile; fileRef = BE394FA42523B865007C5FA8 /* PopularViewModel.swift */; };
/* End PBXBuildFile section */

/* Begin PBXFileReference section */
		3D46EDAB51A2ACCACE399545 /* Pods_movieDB_NBS.framework */ = {isa = PBXFileReference; explicitFileType = wrapper.framework; includeInIndex = 0; path = Pods_movieDB_NBS.framework; sourceTree = BUILT_PRODUCTS_DIR; };
		437A9C0E559F6E4EB05E6A4E /* Pods-movieDB-NBS.release.xcconfig */ = {isa = PBXFileReference; includeInIndex = 1; lastKnownFileType = text.xcconfig; name = "Pods-movieDB-NBS.release.xcconfig"; path = "Target Support Files/Pods-movieDB-NBS/Pods-movieDB-NBS.release.xcconfig"; sourceTree = "<group>"; };
		AA5092723B205CBB7149CE1D /* Pods-movieDB-NBS.debug.xcconfig */ = {isa = PBXFileReference; includeInIndex = 1; lastKnownFileType = text.xcconfig; name = "Pods-movieDB-NBS.debug.xcconfig"; path = "Target Support Files/Pods-movieDB-NBS/Pods-movieDB-NBS.debug.xcconfig"; sourceTree = "<group>"; };
		BE1CC8FF2522E63200D3CA41 /* movieDB-NBS.app */ = {isa = PBXFileReference; explicitFileType = wrapper.application; includeInIndex = 0; path = "movieDB-NBS.app"; sourceTree = BUILT_PRODUCTS_DIR; };
		BE1CC9022522E63200D3CA41 /* AppDelegate.swift */ = {isa = PBXFileReference; lastKnownFileType = sourcecode.swift; path = AppDelegate.swift; sourceTree = "<group>"; };
		BE1CC90B2522E63400D3CA41 /* Assets.xcassets */ = {isa = PBXFileReference; lastKnownFileType = folder.assetcatalog; path = Assets.xcassets; sourceTree = "<group>"; };
		BE1CC90E2522E63400D3CA41 /* Base */ = {isa = PBXFileReference; lastKnownFileType = file.storyboard; name = Base; path = Base.lproj/LaunchScreen.storyboard; sourceTree = "<group>"; };
		BE1CC9102522E63400D3CA41 /* Info.plist */ = {isa = PBXFileReference; lastKnownFileType = text.plist.xml; path = Info.plist; sourceTree = "<group>"; };
		BE1CC91E2522E97900D3CA41 /* FactoryProtocols.swift */ = {isa = PBXFileReference; lastKnownFileType = sourcecode.swift; path = FactoryProtocols.swift; sourceTree = "<group>"; };
		BE1CC9202522EAFE00D3CA41 /* DependecyContainer.swift */ = {isa = PBXFileReference; lastKnownFileType = sourcecode.swift; path = DependecyContainer.swift; sourceTree = "<group>"; };
		BE1CC9222522EB1100D3CA41 /* HomeViewController.swift */ = {isa = PBXFileReference; lastKnownFileType = sourcecode.swift; path = HomeViewController.swift; sourceTree = "<group>"; };
		BE1CC9232522EB1100D3CA41 /* HomeViewController.xib */ = {isa = PBXFileReference; lastKnownFileType = file.xib; path = HomeViewController.xib; sourceTree = "<group>"; };
		BE1CC9262522EB6D00D3CA41 /* PopularViewController.swift */ = {isa = PBXFileReference; lastKnownFileType = sourcecode.swift; path = PopularViewController.swift; sourceTree = "<group>"; };
		BE1CC9272522EB6D00D3CA41 /* PopularViewController.xib */ = {isa = PBXFileReference; lastKnownFileType = file.xib; path = PopularViewController.xib; sourceTree = "<group>"; };
		BE1CC92A2522EB9100D3CA41 /* DetailViewController.swift */ = {isa = PBXFileReference; lastKnownFileType = sourcecode.swift; path = DetailViewController.swift; sourceTree = "<group>"; };
		BE1CC92B2522EB9100D3CA41 /* DetailViewController.xib */ = {isa = PBXFileReference; lastKnownFileType = file.xib; path = DetailViewController.xib; sourceTree = "<group>"; };
		BE1CC92E2522EBBC00D3CA41 /* Coordinators.swift */ = {isa = PBXFileReference; lastKnownFileType = sourcecode.swift; path = Coordinators.swift; sourceTree = "<group>"; };
		BE1CC9302522EBE300D3CA41 /* MovieModel.swift */ = {isa = PBXFileReference; lastKnownFileType = sourcecode.swift; path = MovieModel.swift; sourceTree = "<group>"; };
		BE1CC9322522EC1900D3CA41 /* PersistenceService.swift */ = {isa = PBXFileReference; lastKnownFileType = sourcecode.swift; path = PersistenceService.swift; sourceTree = "<group>"; };
		BE1CC9342522EC3C00D3CA41 /* UserDefaultPersistenceService.swift */ = {isa = PBXFileReference; lastKnownFileType = sourcecode.swift; path = UserDefaultPersistenceService.swift; sourceTree = "<group>"; };
		BE1CC9382522ECC200D3CA41 /* NetworkingService.swift */ = {isa = PBXFileReference; lastKnownFileType = sourcecode.swift; path = NetworkingService.swift; sourceTree = "<group>"; };
		BE1CC93A2522ECE000D3CA41 /* URLSessionNetworkingService.swift */ = {isa = PBXFileReference; lastKnownFileType = sourcecode.swift; path = URLSessionNetworkingService.swift; sourceTree = "<group>"; };
		BE1CC93C2522FACF00D3CA41 /* AlamofireNetworkingService.swift */ = {isa = PBXFileReference; lastKnownFileType = sourcecode.swift; path = AlamofireNetworkingService.swift; sourceTree = "<group>"; };
		BE1CC93E2522FB6B00D3CA41 /* CacheService.swift */ = {isa = PBXFileReference; lastKnownFileType = sourcecode.swift; path = CacheService.swift; sourceTree = "<group>"; };
		BE1CC9402522FD7600D3CA41 /* MainTabBarController.swift */ = {isa = PBXFileReference; lastKnownFileType = sourcecode.swift; path = MainTabBarController.swift; sourceTree = "<group>"; };
		BE1CC9422522FE3000D3CA41 /* FavouriteViewController.swift */ = {isa = PBXFileReference; lastKnownFileType = sourcecode.swift; path = FavouriteViewController.swift; sourceTree = "<group>"; };
		BE1CC9432522FE3000D3CA41 /* FavouriteViewController.xib */ = {isa = PBXFileReference; lastKnownFileType = file.xib; path = FavouriteViewController.xib; sourceTree = "<group>"; };
		BE1CC9462522FFDE00D3CA41 /* UIWindow+Extension.swift */ = {isa = PBXFileReference; lastKnownFileType = sourcecode.swift; path = "UIWindow+Extension.swift"; sourceTree = "<group>"; };
		BE1CC9482523046100D3CA41 /* UIImage+Extension.swift */ = {isa = PBXFileReference; lastKnownFileType = sourcecode.swift; path = "UIImage+Extension.swift"; sourceTree = "<group>"; };
		BE1CC94A2523064700D3CA41 /* HomeViewModel.swift */ = {isa = PBXFileReference; lastKnownFileType = sourcecode.swift; path = HomeViewModel.swift; sourceTree = "<group>"; };
		BE1CC94C25230D7800D3CA41 /* EnvironmentService.swift */ = {isa = PBXFileReference; lastKnownFileType = sourcecode.swift; path = EnvironmentService.swift; sourceTree = "<group>"; };
		BE1CC94E252326BC00D3CA41 /* Array+Extension.swift */ = {isa = PBXFileReference; lastKnownFileType = sourcecode.swift; path = "Array+Extension.swift"; sourceTree = "<group>"; };
		BE1CC9512523276700D3CA41 /* BannerTableViewCell.swift */ = {isa = PBXFileReference; lastKnownFileType = sourcecode.swift; path = BannerTableViewCell.swift; sourceTree = "<group>"; };
		BE1CC9522523276700D3CA41 /* BannerTableViewCell.xib */ = {isa = PBXFileReference; lastKnownFileType = file.xib; path = BannerTableViewCell.xib; sourceTree = "<group>"; };
		BE1CC955252327C600D3CA41 /* BannerCollectionViewCell.swift */ = {isa = PBXFileReference; lastKnownFileType = sourcecode.swift; path = BannerCollectionViewCell.swift; sourceTree = "<group>"; };
		BE1CC956252327C600D3CA41 /* BannerCollectionViewCell.xib */ = {isa = PBXFileReference; lastKnownFileType = file.xib; path = BannerCollectionViewCell.xib; sourceTree = "<group>"; };
		BE1CC95925232A4C00D3CA41 /* UITableView+Extension.swift */ = {isa = PBXFileReference; lastKnownFileType = sourcecode.swift; path = "UITableView+Extension.swift"; sourceTree = "<group>"; };
		BE1CC95B25232A8700D3CA41 /* UICollectionView+Extension.swift */ = {isa = PBXFileReference; lastKnownFileType = sourcecode.swift; path = "UICollectionView+Extension.swift"; sourceTree = "<group>"; };
		BE1CC95D25232DF300D3CA41 /* UIAlertController+Extension.swift */ = {isa = PBXFileReference; lastKnownFileType = sourcecode.swift; path = "UIAlertController+Extension.swift"; sourceTree = "<group>"; };
		BE394F9325234D2A007C5FA8 /* HomeMovieTableViewCell.swift */ = {isa = PBXFileReference; lastKnownFileType = sourcecode.swift; path = HomeMovieTableViewCell.swift; sourceTree = "<group>"; };
		BE394F9425234D2A007C5FA8 /* HomeMovieTableViewCell.xib */ = {isa = PBXFileReference; lastKnownFileType = file.xib; path = HomeMovieTableViewCell.xib; sourceTree = "<group>"; };
		BE394F9725234E4E007C5FA8 /* HomeMovieCollectionViewCell.swift */ = {isa = PBXFileReference; lastKnownFileType = sourcecode.swift; path = HomeMovieCollectionViewCell.swift; sourceTree = "<group>"; };
		BE394F9825234E4E007C5FA8 /* HomeMovieCollectionViewCell.xib */ = {isa = PBXFileReference; lastKnownFileType = file.xib; path = HomeMovieCollectionViewCell.xib; sourceTree = "<group>"; };
		BE394F9B252385EC007C5FA8 /* DetailViewModel.swift */ = {isa = PBXFileReference; lastKnownFileType = sourcecode.swift; path = DetailViewModel.swift; sourceTree = "<group>"; };
		BE394F9D25239324007C5FA8 /* RealmPersistenceService.swift */ = {isa = PBXFileReference; lastKnownFileType = sourcecode.swift; path = RealmPersistenceService.swift; sourceTree = "<group>"; };
		BE394F9F2523B6A5007C5FA8 /* PopularCollectionViewCell.swift */ = {isa = PBXFileReference; lastKnownFileType = sourcecode.swift; path = PopularCollectionViewCell.swift; sourceTree = "<group>"; };
		BE394FA02523B6A5007C5FA8 /* PopularCollectionViewCell.xib */ = {isa = PBXFileReference; lastKnownFileType = file.xib; path = PopularCollectionViewCell.xib; sourceTree = "<group>"; };
		BE394FA42523B865007C5FA8 /* PopularViewModel.swift */ = {isa = PBXFileReference; lastKnownFileType = sourcecode.swift; path = PopularViewModel.swift; sourceTree = "<group>"; };
/* End PBXFileReference section */

/* Begin PBXFrameworksBuildPhase section */
		BE1CC8FC2522E63200D3CA41 /* Frameworks */ = {
			isa = PBXFrameworksBuildPhase;
			buildActionMask = 2147483647;
			files = (
				20F6F6EBD7786BD8AA430FE3 /* Pods_movieDB_NBS.framework in Frameworks */,
			);
			runOnlyForDeploymentPostprocessing = 0;
		};
/* End PBXFrameworksBuildPhase section */

/* Begin PBXGroup section */
		BAF9CB53A4D0A3A0B6A991BD /* Pods */ = {
			isa = PBXGroup;
			children = (
				AA5092723B205CBB7149CE1D /* Pods-movieDB-NBS.debug.xcconfig */,
				437A9C0E559F6E4EB05E6A4E /* Pods-movieDB-NBS.release.xcconfig */,
			);
			path = Pods;
			sourceTree = "<group>";
		};
		BE1CC8F62522E63200D3CA41 = {
			isa = PBXGroup;
			children = (
				BE1CC9012522E63200D3CA41 /* movieDB-NBS */,
				BE1CC9002522E63200D3CA41 /* Products */,
				BAF9CB53A4D0A3A0B6A991BD /* Pods */,
				CC52527CE35963C63A54BFCA /* Frameworks */,
			);
			sourceTree = "<group>";
		};
		BE1CC9002522E63200D3CA41 /* Products */ = {
			isa = PBXGroup;
			children = (
				BE1CC8FF2522E63200D3CA41 /* movieDB-NBS.app */,
			);
			name = Products;
			sourceTree = "<group>";
		};
		BE1CC9012522E63200D3CA41 /* movieDB-NBS */ = {
			isa = PBXGroup;
			children = (
				BE1CC9162522E72400D3CA41 /* Configs */,
				BE1CC91B2522E7AA00D3CA41 /* Main */,
				BE1CC91D2522E7CA00D3CA41 /* Extension */,
				BE1CC91C2522E7C200D3CA41 /* Services */,
				BE1CC91A2522E7A600D3CA41 /* Controller */,
				BE1CC9192522E79D00D3CA41 /* ViewModel */,
				BE1CC9182522E79100D3CA41 /* View */,
				BE1CC9172522E78A00D3CA41 /* Model */,
				BE1CC90B2522E63400D3CA41 /* Assets.xcassets */,
			);
			path = "movieDB-NBS";
			sourceTree = "<group>";
		};
		BE1CC9162522E72400D3CA41 /* Configs */ = {
			isa = PBXGroup;
			children = (
				BE1CC9102522E63400D3CA41 /* Info.plist */,
			);
			name = Configs;
			sourceTree = "<group>";
		};
		BE1CC9172522E78A00D3CA41 /* Model */ = {
			isa = PBXGroup;
			children = (
				BE1CC9302522EBE300D3CA41 /* MovieModel.swift */,
			);
			path = Model;
			sourceTree = "<group>";
		};
		BE1CC9182522E79100D3CA41 /* View */ = {
			isa = PBXGroup;
			children = (
				BE1CC9502523274D00D3CA41 /* Cell */,
				BE1CC9232522EB1100D3CA41 /* HomeViewController.xib */,
				BE1CC9272522EB6D00D3CA41 /* PopularViewController.xib */,
				BE1CC9432522FE3000D3CA41 /* FavouriteViewController.xib */,
				BE1CC92B2522EB9100D3CA41 /* DetailViewController.xib */,
			);
			path = View;
			sourceTree = "<group>";
		};
		BE1CC9192522E79D00D3CA41 /* ViewModel */ = {
			isa = PBXGroup;
			children = (
				BE1CC94A2523064700D3CA41 /* HomeViewModel.swift */,
				BE394F9B252385EC007C5FA8 /* DetailViewModel.swift */,
				BE394FA42523B865007C5FA8 /* PopularViewModel.swift */,
			);
			path = ViewModel;
			sourceTree = "<group>";
		};
		BE1CC91A2522E7A600D3CA41 /* Controller */ = {
			isa = PBXGroup;
			children = (
				BE1CC9402522FD7600D3CA41 /* MainTabBarController.swift */,
				BE1CC9222522EB1100D3CA41 /* HomeViewController.swift */,
				BE1CC9262522EB6D00D3CA41 /* PopularViewController.swift */,
				BE1CC9422522FE3000D3CA41 /* FavouriteViewController.swift */,
				BE1CC92A2522EB9100D3CA41 /* DetailViewController.swift */,
			);
			path = Controller;
			sourceTree = "<group>";
		};
		BE1CC91B2522E7AA00D3CA41 /* Main */ = {
			isa = PBXGroup;
			children = (
				BE1CC9022522E63200D3CA41 /* AppDelegate.swift */,
				BE1CC90D2522E63400D3CA41 /* LaunchScreen.storyboard */,
				BE1CC91E2522E97900D3CA41 /* FactoryProtocols.swift */,
				BE1CC9202522EAFE00D3CA41 /* DependecyContainer.swift */,
				BE1CC92E2522EBBC00D3CA41 /* Coordinators.swift */,
			);
			path = Main;
			sourceTree = "<group>";
		};
		BE1CC91C2522E7C200D3CA41 /* Services */ = {
			isa = PBXGroup;
			children = (
				BE1CC9372522ECB500D3CA41 /* Networking Service */,
				BE1CC9362522ECAC00D3CA41 /* Persistence Service */,
				BE1CC94C25230D7800D3CA41 /* EnvironmentService.swift */,
			);
			path = Services;
			sourceTree = "<group>";
		};
		BE1CC91D2522E7CA00D3CA41 /* Extension */ = {
			isa = PBXGroup;
			children = (
				BE1CC9462522FFDE00D3CA41 /* UIWindow+Extension.swift */,
				BE1CC9482523046100D3CA41 /* UIImage+Extension.swift */,
				BE1CC94E252326BC00D3CA41 /* Array+Extension.swift */,
				BE1CC95925232A4C00D3CA41 /* UITableView+Extension.swift */,
				BE1CC95B25232A8700D3CA41 /* UICollectionView+Extension.swift */,
				BE1CC95D25232DF300D3CA41 /* UIAlertController+Extension.swift */,
			);
			path = Extension;
			sourceTree = "<group>";
		};
		BE1CC9362522ECAC00D3CA41 /* Persistence Service */ = {
			isa = PBXGroup;
			children = (
				BE1CC9322522EC1900D3CA41 /* PersistenceService.swift */,
				BE1CC9342522EC3C00D3CA41 /* UserDefaultPersistenceService.swift */,
				BE394F9D25239324007C5FA8 /* RealmPersistenceService.swift */,
			);
			name = "Persistence Service";
			sourceTree = "<group>";
		};
		BE1CC9372522ECB500D3CA41 /* Networking Service */ = {
			isa = PBXGroup;
			children = (
				BE1CC9382522ECC200D3CA41 /* NetworkingService.swift */,
				BE1CC93A2522ECE000D3CA41 /* URLSessionNetworkingService.swift */,
				BE1CC93C2522FACF00D3CA41 /* AlamofireNetworkingService.swift */,
				BE1CC93E2522FB6B00D3CA41 /* CacheService.swift */,
			);
			name = "Networking Service";
			sourceTree = "<group>";
		};
		BE1CC9502523274D00D3CA41 /* Cell */ = {
			isa = PBXGroup;
			children = (
				BE394FA32523B6AB007C5FA8 /* Popular */,
				BE394F9225234D05007C5FA8 /* Home */,
			);
			path = Cell;
			sourceTree = "<group>";
		};
		BE394F9225234D05007C5FA8 /* Home */ = {
			isa = PBXGroup;
			children = (
				BE1CC9512523276700D3CA41 /* BannerTableViewCell.swift */,
				BE1CC9522523276700D3CA41 /* BannerTableViewCell.xib */,
				BE1CC955252327C600D3CA41 /* BannerCollectionViewCell.swift */,
				BE1CC956252327C600D3CA41 /* BannerCollectionViewCell.xib */,
				BE394F9325234D2A007C5FA8 /* HomeMovieTableViewCell.swift */,
				BE394F9425234D2A007C5FA8 /* HomeMovieTableViewCell.xib */,
				BE394F9725234E4E007C5FA8 /* HomeMovieCollectionViewCell.swift */,
				BE394F9825234E4E007C5FA8 /* HomeMovieCollectionViewCell.xib */,
			);
			name = Home;
			sourceTree = "<group>";
		};
		BE394FA32523B6AB007C5FA8 /* Popular */ = {
			isa = PBXGroup;
			children = (
				BE394F9F2523B6A5007C5FA8 /* PopularCollectionViewCell.swift */,
				BE394FA02523B6A5007C5FA8 /* PopularCollectionViewCell.xib */,
			);
			name = Popular;
			sourceTree = "<group>";
		};
		CC52527CE35963C63A54BFCA /* Frameworks */ = {
			isa = PBXGroup;
			children = (
				3D46EDAB51A2ACCACE399545 /* Pods_movieDB_NBS.framework */,
			);
			name = Frameworks;
			sourceTree = "<group>";
		};
/* End PBXGroup section */

/* Begin PBXNativeTarget section */
		BE1CC8FE2522E63200D3CA41 /* movieDB-NBS */ = {
			isa = PBXNativeTarget;
			buildConfigurationList = BE1CC9132522E63400D3CA41 /* Build configuration list for PBXNativeTarget "movieDB-NBS" */;
			buildPhases = (
				EBA6B257B3C2CE709648BCDF /* [CP] Check Pods Manifest.lock */,
				BE1CC8FB2522E63200D3CA41 /* Sources */,
				BE1CC8FC2522E63200D3CA41 /* Frameworks */,
				BE1CC8FD2522E63200D3CA41 /* Resources */,
				F9B4F88DDED3C93BA3E409BF /* [CP] Embed Pods Frameworks */,
			);
			buildRules = (
			);
			dependencies = (
			);
			name = "movieDB-NBS";
			productName = "movieDB-NBS";
			productReference = BE1CC8FF2522E63200D3CA41 /* movieDB-NBS.app */;
			productType = "com.apple.product-type.application";
		};
/* End PBXNativeTarget section */

/* Begin PBXProject section */
		BE1CC8F72522E63200D3CA41 /* Project object */ = {
			isa = PBXProject;
			attributes = {
				LastSwiftUpdateCheck = 1160;
				LastUpgradeCheck = 1160;
				ORGANIZATIONNAME = WillaSaskara;
				TargetAttributes = {
					BE1CC8FE2522E63200D3CA41 = {
						CreatedOnToolsVersion = 11.6;
					};
				};
			};
			buildConfigurationList = BE1CC8FA2522E63200D3CA41 /* Build configuration list for PBXProject "movieDB-NBS" */;
			compatibilityVersion = "Xcode 9.3";
			developmentRegion = en;
			hasScannedForEncodings = 0;
			knownRegions = (
				en,
				Base,
			);
			mainGroup = BE1CC8F62522E63200D3CA41;
			productRefGroup = BE1CC9002522E63200D3CA41 /* Products */;
			projectDirPath = "";
			projectRoot = "";
			targets = (
				BE1CC8FE2522E63200D3CA41 /* movieDB-NBS */,
			);
		};
/* End PBXProject section */

/* Begin PBXResourcesBuildPhase section */
		BE1CC8FD2522E63200D3CA41 /* Resources */ = {
			isa = PBXResourcesBuildPhase;
			buildActionMask = 2147483647;
			files = (
				BE1CC9452522FE3000D3CA41 /* FavouriteViewController.xib in Resources */,
				BE394F9625234D2A007C5FA8 /* HomeMovieTableViewCell.xib in Resources */,
				BE1CC9292522EB6D00D3CA41 /* PopularViewController.xib in Resources */,
				BE1CC958252327C600D3CA41 /* BannerCollectionViewCell.xib in Resources */,
				BE1CC90F2522E63400D3CA41 /* LaunchScreen.storyboard in Resources */,
				BE1CC92D2522EB9200D3CA41 /* DetailViewController.xib in Resources */,
				BE1CC90C2522E63400D3CA41 /* Assets.xcassets in Resources */,
				BE394F9A25234E4E007C5FA8 /* HomeMovieCollectionViewCell.xib in Resources */,
				BE1CC9252522EB1100D3CA41 /* HomeViewController.xib in Resources */,
				BE1CC9542523276700D3CA41 /* BannerTableViewCell.xib in Resources */,
				BE394FA22523B6A5007C5FA8 /* PopularCollectionViewCell.xib in Resources */,
			);
			runOnlyForDeploymentPostprocessing = 0;
		};
/* End PBXResourcesBuildPhase section */

/* Begin PBXShellScriptBuildPhase section */
		EBA6B257B3C2CE709648BCDF /* [CP] Check Pods Manifest.lock */ = {
			isa = PBXShellScriptBuildPhase;
			buildActionMask = 2147483647;
			files = (
			);
			inputFileListPaths = (
			);
			inputPaths = (
				"${PODS_PODFILE_DIR_PATH}/Podfile.lock",
				"${PODS_ROOT}/Manifest.lock",
			);
			name = "[CP] Check Pods Manifest.lock";
			outputFileListPaths = (
			);
			outputPaths = (
				"$(DERIVED_FILE_DIR)/Pods-movieDB-NBS-checkManifestLockResult.txt",
			);
			runOnlyForDeploymentPostprocessing = 0;
			shellPath = /bin/sh;
			shellScript = "diff \"${PODS_PODFILE_DIR_PATH}/Podfile.lock\" \"${PODS_ROOT}/Manifest.lock\" > /dev/null\nif [ $? != 0 ] ; then\n    # print error to STDERR\n    echo \"error: The sandbox is not in sync with the Podfile.lock. Run 'pod install' or update your CocoaPods installation.\" >&2\n    exit 1\nfi\n# This output is used by Xcode 'outputs' to avoid re-running this script phase.\necho \"SUCCESS\" > \"${SCRIPT_OUTPUT_FILE_0}\"\n";
			showEnvVarsInLog = 0;
		};
		F9B4F88DDED3C93BA3E409BF /* [CP] Embed Pods Frameworks */ = {
			isa = PBXShellScriptBuildPhase;
			buildActionMask = 2147483647;
			files = (
			);
			inputFileListPaths = (
				"${PODS_ROOT}/Target Support Files/Pods-movieDB-NBS/Pods-movieDB-NBS-frameworks-${CONFIGURATION}-input-files.xcfilelist",
			);
			name = "[CP] Embed Pods Frameworks";
			outputFileListPaths = (
				"${PODS_ROOT}/Target Support Files/Pods-movieDB-NBS/Pods-movieDB-NBS-frameworks-${CONFIGURATION}-output-files.xcfilelist",
			);
			runOnlyForDeploymentPostprocessing = 0;
			shellPath = /bin/sh;
			shellScript = "\"${PODS_ROOT}/Target Support Files/Pods-movieDB-NBS/Pods-movieDB-NBS-frameworks.sh\"\n";
			showEnvVarsInLog = 0;
		};
/* End PBXShellScriptBuildPhase section */

/* Begin PBXSourcesBuildPhase section */
		BE1CC8FB2522E63200D3CA41 /* Sources */ = {
			isa = PBXSourcesBuildPhase;
			buildActionMask = 2147483647;
			files = (
				BE394FA52523B865007C5FA8 /* PopularViewModel.swift in Sources */,
				BE1CC94B2523064700D3CA41 /* HomeViewModel.swift in Sources */,
				BE1CC94D25230D7800D3CA41 /* EnvironmentService.swift in Sources */,
				BE394F9C252385EC007C5FA8 /* DetailViewModel.swift in Sources */,
				BE1CC957252327C600D3CA41 /* BannerCollectionViewCell.swift in Sources */,
				BE1CC91F2522E97900D3CA41 /* FactoryProtocols.swift in Sources */,
				BE1CC9282522EB6D00D3CA41 /* PopularViewController.swift in Sources */,
				BE394F9525234D2A007C5FA8 /* HomeMovieTableViewCell.swift in Sources */,
				BE1CC9412522FD7600D3CA41 /* MainTabBarController.swift in Sources */,
				BE1CC9492523046100D3CA41 /* UIImage+Extension.swift in Sources */,
				BE1CC9472522FFDE00D3CA41 /* UIWindow+Extension.swift in Sources */,
				BE1CC95E25232DF300D3CA41 /* UIAlertController+Extension.swift in Sources */,
				BE1CC92F2522EBBC00D3CA41 /* Coordinators.swift in Sources */,
				BE1CC9212522EAFE00D3CA41 /* DependecyContainer.swift in Sources */,
				BE1CC9312522EBE300D3CA41 /* MovieModel.swift in Sources */,
				BE1CC92C2522EB9200D3CA41 /* DetailViewController.swift in Sources */,
				BE1CC9532523276700D3CA41 /* BannerTableViewCell.swift in Sources */,
				BE1CC9352522EC3C00D3CA41 /* UserDefaultPersistenceService.swift in Sources */,
				BE1CC9032522E63200D3CA41 /* AppDelegate.swift in Sources */,
				BE1CC93B2522ECE000D3CA41 /* URLSessionNetworkingService.swift in Sources */,
				BE1CC95C25232A8700D3CA41 /* UICollectionView+Extension.swift in Sources */,
				BE1CC93D2522FACF00D3CA41 /* AlamofireNetworkingService.swift in Sources */,
				BE394F9E25239324007C5FA8 /* RealmPersistenceService.swift in Sources */,
				BE394FA12523B6A5007C5FA8 /* PopularCollectionViewCell.swift in Sources */,
				BE1CC93F2522FB6B00D3CA41 /* CacheService.swift in Sources */,
				BE394F9925234E4E007C5FA8 /* HomeMovieCollectionViewCell.swift in Sources */,
				BE1CC9442522FE3000D3CA41 /* FavouriteViewController.swift in Sources */,
				BE1CC9392522ECC200D3CA41 /* NetworkingService.swift in Sources */,
				BE1CC94F252326BC00D3CA41 /* Array+Extension.swift in Sources */,
				BE1CC9332522EC1900D3CA41 /* PersistenceService.swift in Sources */,
				BE1CC9242522EB1100D3CA41 /* HomeViewController.swift in Sources */,
				BE1CC95A25232A4C00D3CA41 /* UITableView+Extension.swift in Sources */,
			);
			runOnlyForDeploymentPostprocessing = 0;
		};
/* End PBXSourcesBuildPhase section */

/* Begin PBXVariantGroup section */
		BE1CC90D2522E63400D3CA41 /* LaunchScreen.storyboard */ = {
			isa = PBXVariantGroup;
			children = (
				BE1CC90E2522E63400D3CA41 /* Base */,
			);
			name = LaunchScreen.storyboard;
			sourceTree = "<group>";
		};
/* End PBXVariantGroup section */

/* Begin XCBuildConfiguration section */
		BE1CC9112522E63400D3CA41 /* Debug */ = {
			isa = XCBuildConfiguration;
			buildSettings = {
				ALWAYS_SEARCH_USER_PATHS = NO;
				CLANG_ANALYZER_NONNULL = YES;
				CLANG_ANALYZER_NUMBER_OBJECT_CONVERSION = YES_AGGRESSIVE;
				CLANG_CXX_LANGUAGE_STANDARD = "gnu++14";
				CLANG_CXX_LIBRARY = "libc++";
				CLANG_ENABLE_MODULES = YES;
				CLANG_ENABLE_OBJC_ARC = YES;
				CLANG_ENABLE_OBJC_WEAK = YES;
				CLANG_WARN_BLOCK_CAPTURE_AUTORELEASING = YES;
				CLANG_WARN_BOOL_CONVERSION = YES;
				CLANG_WARN_COMMA = YES;
				CLANG_WARN_CONSTANT_CONVERSION = YES;
				CLANG_WARN_DEPRECATED_OBJC_IMPLEMENTATIONS = YES;
				CLANG_WARN_DIRECT_OBJC_ISA_USAGE = YES_ERROR;
				CLANG_WARN_DOCUMENTATION_COMMENTS = YES;
				CLANG_WARN_EMPTY_BODY = YES;
				CLANG_WARN_ENUM_CONVERSION = YES;
				CLANG_WARN_INFINITE_RECURSION = YES;
				CLANG_WARN_INT_CONVERSION = YES;
				CLANG_WARN_NON_LITERAL_NULL_CONVERSION = YES;
				CLANG_WARN_OBJC_IMPLICIT_RETAIN_SELF = YES;
				CLANG_WARN_OBJC_LITERAL_CONVERSION = YES;
				CLANG_WARN_OBJC_ROOT_CLASS = YES_ERROR;
				CLANG_WARN_RANGE_LOOP_ANALYSIS = YES;
				CLANG_WARN_STRICT_PROTOTYPES = YES;
				CLANG_WARN_SUSPICIOUS_MOVE = YES;
				CLANG_WARN_UNGUARDED_AVAILABILITY = YES_AGGRESSIVE;
				CLANG_WARN_UNREACHABLE_CODE = YES;
				CLANG_WARN__DUPLICATE_METHOD_MATCH = YES;
				COPY_PHASE_STRIP = NO;
				DEBUG_INFORMATION_FORMAT = dwarf;
				ENABLE_STRICT_OBJC_MSGSEND = YES;
				ENABLE_TESTABILITY = YES;
				GCC_C_LANGUAGE_STANDARD = gnu11;
				GCC_DYNAMIC_NO_PIC = NO;
				GCC_NO_COMMON_BLOCKS = YES;
				GCC_OPTIMIZATION_LEVEL = 0;
				GCC_PREPROCESSOR_DEFINITIONS = (
					"DEBUG=1",
					"$(inherited)",
				);
				GCC_WARN_64_TO_32_BIT_CONVERSION = YES;
				GCC_WARN_ABOUT_RETURN_TYPE = YES_ERROR;
				GCC_WARN_UNDECLARED_SELECTOR = YES;
				GCC_WARN_UNINITIALIZED_AUTOS = YES_AGGRESSIVE;
				GCC_WARN_UNUSED_FUNCTION = YES;
				GCC_WARN_UNUSED_VARIABLE = YES;
				IPHONEOS_DEPLOYMENT_TARGET = 13.6;
				MTL_ENABLE_DEBUG_INFO = INCLUDE_SOURCE;
				MTL_FAST_MATH = YES;
				ONLY_ACTIVE_ARCH = YES;
				SDKROOT = iphoneos;
				SWIFT_ACTIVE_COMPILATION_CONDITIONS = DEBUG;
				SWIFT_OPTIMIZATION_LEVEL = "-Onone";
			};
			name = Debug;
		};
		BE1CC9122522E63400D3CA41 /* Release */ = {
			isa = XCBuildConfiguration;
			buildSettings = {
				ALWAYS_SEARCH_USER_PATHS = NO;
				CLANG_ANALYZER_NONNULL = YES;
				CLANG_ANALYZER_NUMBER_OBJECT_CONVERSION = YES_AGGRESSIVE;
				CLANG_CXX_LANGUAGE_STANDARD = "gnu++14";
				CLANG_CXX_LIBRARY = "libc++";
				CLANG_ENABLE_MODULES = YES;
				CLANG_ENABLE_OBJC_ARC = YES;
				CLANG_ENABLE_OBJC_WEAK = YES;
				CLANG_WARN_BLOCK_CAPTURE_AUTORELEASING = YES;
				CLANG_WARN_BOOL_CONVERSION = YES;
				CLANG_WARN_COMMA = YES;
				CLANG_WARN_CONSTANT_CONVERSION = YES;
				CLANG_WARN_DEPRECATED_OBJC_IMPLEMENTATIONS = YES;
				CLANG_WARN_DIRECT_OBJC_ISA_USAGE = YES_ERROR;
				CLANG_WARN_DOCUMENTATION_COMMENTS = YES;
				CLANG_WARN_EMPTY_BODY = YES;
				CLANG_WARN_ENUM_CONVERSION = YES;
				CLANG_WARN_INFINITE_RECURSION = YES;
				CLANG_WARN_INT_CONVERSION = YES;
				CLANG_WARN_NON_LITERAL_NULL_CONVERSION = YES;
				CLANG_WARN_OBJC_IMPLICIT_RETAIN_SELF = YES;
				CLANG_WARN_OBJC_LITERAL_CONVERSION = YES;
				CLANG_WARN_OBJC_ROOT_CLASS = YES_ERROR;
				CLANG_WARN_RANGE_LOOP_ANALYSIS = YES;
				CLANG_WARN_STRICT_PROTOTYPES = YES;
				CLANG_WARN_SUSPICIOUS_MOVE = YES;
				CLANG_WARN_UNGUARDED_AVAILABILITY = YES_AGGRESSIVE;
				CLANG_WARN_UNREACHABLE_CODE = YES;
				CLANG_WARN__DUPLICATE_METHOD_MATCH = YES;
				COPY_PHASE_STRIP = NO;
				DEBUG_INFORMATION_FORMAT = "dwarf-with-dsym";
				ENABLE_NS_ASSERTIONS = NO;
				ENABLE_STRICT_OBJC_MSGSEND = YES;
				GCC_C_LANGUAGE_STANDARD = gnu11;
				GCC_NO_COMMON_BLOCKS = YES;
				GCC_WARN_64_TO_32_BIT_CONVERSION = YES;
				GCC_WARN_ABOUT_RETURN_TYPE = YES_ERROR;
				GCC_WARN_UNDECLARED_SELECTOR = YES;
				GCC_WARN_UNINITIALIZED_AUTOS = YES_AGGRESSIVE;
				GCC_WARN_UNUSED_FUNCTION = YES;
				GCC_WARN_UNUSED_VARIABLE = YES;
				IPHONEOS_DEPLOYMENT_TARGET = 13.6;
				MTL_ENABLE_DEBUG_INFO = NO;
				MTL_FAST_MATH = YES;
				SDKROOT = iphoneos;
				SWIFT_COMPILATION_MODE = wholemodule;
				SWIFT_OPTIMIZATION_LEVEL = "-O";
				VALIDATE_PRODUCT = YES;
			};
			name = Release;
		};
		BE1CC9142522E63400D3CA41 /* Debug */ = {
			isa = XCBuildConfiguration;
			baseConfigurationReference = AA5092723B205CBB7149CE1D /* Pods-movieDB-NBS.debug.xcconfig */;
			buildSettings = {
				ASSETCATALOG_COMPILER_APPICON_NAME = AppIcon;
				CODE_SIGN_STYLE = Automatic;
				DEVELOPMENT_TEAM = YF2M6C4WM8;
				INFOPLIST_FILE = "movieDB-NBS/Info.plist";
				LD_RUNPATH_SEARCH_PATHS = (
					"$(inherited)",
					"@executable_path/Frameworks",
				);
				PRODUCT_BUNDLE_IDENTIFIER = "com.WillaSaskara.movieDB-NBS";
				PRODUCT_NAME = "$(TARGET_NAME)";
				SWIFT_VERSION = 5.0;
				TARGETED_DEVICE_FAMILY = "1,2";
			};
			name = Debug;
		};
		BE1CC9152522E63400D3CA41 /* Release */ = {
			isa = XCBuildConfiguration;
			baseConfigurationReference = 437A9C0E559F6E4EB05E6A4E /* Pods-movieDB-NBS.release.xcconfig */;
			buildSettings = {
				ASSETCATALOG_COMPILER_APPICON_NAME = AppIcon;
				CODE_SIGN_STYLE = Automatic;
				DEVELOPMENT_TEAM = YF2M6C4WM8;
				INFOPLIST_FILE = "movieDB-NBS/Info.plist";
				LD_RUNPATH_SEARCH_PATHS = (
					"$(inherited)",
					"@executable_path/Frameworks",
				);
				PRODUCT_BUNDLE_IDENTIFIER = "com.WillaSaskara.movieDB-NBS";
				PRODUCT_NAME = "$(TARGET_NAME)";
				SWIFT_VERSION = 5.0;
				TARGETED_DEVICE_FAMILY = "1,2";
			};
			name = Release;
		};
/* End XCBuildConfiguration section */

/* Begin XCConfigurationList section */
		BE1CC8FA2522E63200D3CA41 /* Build configuration list for PBXProject "movieDB-NBS" */ = {
			isa = XCConfigurationList;
			buildConfigurations = (
				BE1CC9112522E63400D3CA41 /* Debug */,
				BE1CC9122522E63400D3CA41 /* Release */,
			);
			defaultConfigurationIsVisible = 0;
			defaultConfigurationName = Release;
		};
		BE1CC9132522E63400D3CA41 /* Build configuration list for PBXNativeTarget "movieDB-NBS" */ = {
			isa = XCConfigurationList;
			buildConfigurations = (
				BE1CC9142522E63400D3CA41 /* Debug */,
				BE1CC9152522E63400D3CA41 /* Release */,
			);
			defaultConfigurationIsVisible = 0;
			defaultConfigurationName = Release;
		};
/* End XCConfigurationList section */
	};
	rootObject = BE1CC8F72522E63200D3CA41 /* Project object */;
}
